
Microsoft Visual Studio Solution File, Format Version 12.00
# Visual Studio Version 16
VisualStudioVersion = 16.0.30611.23
MinimumVisualStudioVersion = 10.0.40219.1
Project("{FAE04EC0-301F-11D3-BF4B-00C04F79EFBC}") = "TodoApiProject", "TodoApiProject\TodoApiProject.csproj", "{05E28450-A0F0-4CFF-BB28-214CF0A7B062}"
EndProject
Global
	GlobalSection(SolutionConfigurationPlatforms) = preSolution
		Debug|Any CPU = Debug|Any CPU
		Release|Any CPU = Release|Any CPU
	EndGlobalSection
	GlobalSection(ProjectConfigurationPlatforms) = postSolution
		{05E28450-A0F0-4CFF-BB28-214CF0A7B062}.Debug|Any CPU.ActiveCfg = Debug|Any CPU
		{05E28450-A0F0-4CFF-BB28-214CF0A7B062}.Debug|Any CPU.Build.0 = Debug|Any CPU
		{05E28450-A0F0-4CFF-BB28-214CF0A7B062}.Release|Any CPU.ActiveCfg = Release|Any CPU
		{05E28450-A0F0-4CFF-BB28-214CF0A7B062}.Release|Any CPU.Build.0 = Release|Any CPU
	EndGlobalSection
	GlobalSection(SolutionProperties) = preSolution
		HideSolutionNode = FALSE
	EndGlobalSection
	GlobalSection(ExtensibilityGlobals) = postSolution
		SolutionGuid = {393B2B54-87F4-441C-9C09-3FDD52D95EB0}
	EndGlobalSection
EndGlobal
